{
  "requires": true,
  "lockfileVersion": 1,
  "dependencies": {
    "js005test12": {
      "version": "1.0.0",
      "resolved": "https://registry.npmjs.org/js005test12/-/js005test12-1.0.0.tgz",
      "integrity": "sha512-jTjHoklPIspjJlayxYRA8hzS1NkISN/IsMQR4nZfRY8jonETTElpR6Zxs/f2TgKX0Zw/NcMV4RYDx/hUnhYm0Q=="
    }
  }
}
